Microsoft Visual Studio Solution File, Format Version 11.00
# Visual Studio 2008

Project("{AFB87B39-3D9C-759E-8A21-8B56D0F895E0}") = "Ninja", "Assembly-CSharp-firstpass.csproj", "{8A76CB02-ABB4-CF9B-470B-F948C061B092}"
EndProject
Project("{AFB87B39-3D9C-759E-8A21-8B56D0F895E0}") = "Ninja", "Assembly-CSharp.csproj", "{AD0A3A54-5668-4890-1B1F-3A207E40D7EE}"
EndProject
Project("{AFB87B39-3D9C-759E-8A21-8B56D0F895E0}") = "Ninja", "Assembly-CSharp-Editor.csproj", "{5058D5DD-F7B4-C0FF-51E6-911CD2A45891}"
EndProject
Global
	GlobalSection(SolutionConfigurationPlatforms) = preSolution
		Debug|Any CPU = Debug|Any CPU
		Release|Any CPU = Release|Any CPU
	EndGlobalSection
	GlobalSection(ProjectConfigurationPlatforms) = postSolution
		{8A76CB02-ABB4-CF9B-470B-F948C061B092}.Debug|Any CPU.ActiveCfg = Debug|Any CPU
		{8A76CB02-ABB4-CF9B-470B-F948C061B092}.Debug|Any CPU.Build.0 = Debug|Any CPU
		{8A76CB02-ABB4-CF9B-470B-F948C061B092}.Release|Any CPU.ActiveCfg = Release|Any CPU
		{8A76CB02-ABB4-CF9B-470B-F948C061B092}.Release|Any CPU.Build.0 = Release|Any CPU
		{AD0A3A54-5668-4890-1B1F-3A207E40D7EE}.Debug|Any CPU.ActiveCfg = Debug|Any CPU
		{AD0A3A54-5668-4890-1B1F-3A207E40D7EE}.Debug|Any CPU.Build.0 = Debug|Any CPU
		{AD0A3A54-5668-4890-1B1F-3A207E40D7EE}.Release|Any CPU.ActiveCfg = Release|Any CPU
		{AD0A3A54-5668-4890-1B1F-3A207E40D7EE}.Release|Any CPU.Build.0 = Release|Any CPU
		{5058D5DD-F7B4-C0FF-51E6-911CD2A45891}.Debug|Any CPU.ActiveCfg = Debug|Any CPU
		{5058D5DD-F7B4-C0FF-51E6-911CD2A45891}.Debug|Any CPU.Build.0 = Debug|Any CPU
		{5058D5DD-F7B4-C0FF-51E6-911CD2A45891}.Release|Any CPU.ActiveCfg = Release|Any CPU
		{5058D5DD-F7B4-C0FF-51E6-911CD2A45891}.Release|Any CPU.Build.0 = Release|Any CPU
	EndGlobalSection
	GlobalSection(SolutionProperties) = preSolution
		HideSolutionNode = FALSE
	EndGlobalSection
	GlobalSection(MonoDevelopProperties) = preSolution
		StartupItem = Assembly-CSharp.csproj
	EndGlobalSection
EndGlobal
